
Microsoft Visual Studio Solution File, Format Version 12.00
# Visual Studio 15
VisualStudioVersion = 15.0.28010.2050
MinimumVisualStudioVersion = 10.0.40219.1
Project("{FAE04EC0-301F-11D3-BF4B-00C04F79EFBC}") = "JasonParser", "JasonParser\JasonParser.csproj", "{901BF4EC-8B3D-4FBC-994B-91D0B3B7C680}"
EndProject
Global
	GlobalSection(SolutionConfigurationPlatforms) = preSolution
		Debug|Any CPU = Debug|Any CPU
		Release|Any CPU = Release|Any CPU
	EndGlobalSection
	GlobalSection(ProjectConfigurationPlatforms) = postSolution
		{901BF4EC-8B3D-4FBC-994B-91D0B3B7C680}.Debug|Any CPU.ActiveCfg = Debug|Any CPU
		{901BF4EC-8B3D-4FBC-994B-91D0B3B7C680}.Debug|Any CPU.Build.0 = Debug|Any CPU
		{901BF4EC-8B3D-4FBC-994B-91D0B3B7C680}.Release|Any CPU.ActiveCfg = Release|Any CPU
		{901BF4EC-8B3D-4FBC-994B-91D0B3B7C680}.Release|Any CPU.Build.0 = Release|Any CPU
	EndGlobalSection
	GlobalSection(SolutionProperties) = preSolution
		HideSolutionNode = FALSE
	EndGlobalSection
	GlobalSection(ExtensibilityGlobals) = postSolution
		SolutionGuid = {C50710A9-A900-41EA-A89D-C35E11CF8D7C}
	EndGlobalSection
EndGlobal
